
Microsoft Visual Studio Solution File, Format Version 12.00
# Visual Studio 2012
Project("{FAE04EC0-301F-11D3-BF4B-00C04F79EFBC}") = "FlareWorksLibrary", "FlareWorksLibrary\FlareWorksLibrary.csproj", "{8CCC35CD-682A-45DD-8AEA-FA72D24B3733}"
EndProject
Project("{FAE04EC0-301F-11D3-BF4B-00C04F79EFBC}") = "FlareworksWeb", "FlareworksWeb\FlareworksWeb.csproj", "{41A9CFF4-46BA-4E3B-ABA5-B2C5D6371C7B}"
EndProject
Global
	GlobalSection(SolutionConfigurationPlatforms) = preSolution
		Debug|Any CPU = Debug|Any CPU
		Release|Any CPU = Release|Any CPU
	EndGlobalSection
	GlobalSection(ProjectConfigurationPlatforms) = postSolution
		{8CCC35CD-682A-45DD-8AEA-FA72D24B3733}.Debug|Any CPU.ActiveCfg = Debug|Any CPU
		{8CCC35CD-682A-45DD-8AEA-FA72D24B3733}.Debug|Any CPU.Build.0 = Debug|Any CPU
		{8CCC35CD-682A-45DD-8AEA-FA72D24B3733}.Release|Any CPU.ActiveCfg = Release|Any CPU
		{8CCC35CD-682A-45DD-8AEA-FA72D24B3733}.Release|Any CPU.Build.0 = Release|Any CPU
		{41A9CFF4-46BA-4E3B-ABA5-B2C5D6371C7B}.Debug|Any CPU.ActiveCfg = Debug|Any CPU
		{41A9CFF4-46BA-4E3B-ABA5-B2C5D6371C7B}.Debug|Any CPU.Build.0 = Debug|Any CPU
		{41A9CFF4-46BA-4E3B-ABA5-B2C5D6371C7B}.Release|Any CPU.ActiveCfg = Release|Any CPU
		{41A9CFF4-46BA-4E3B-ABA5-B2C5D6371C7B}.Release|Any CPU.Build.0 = Release|Any CPU
	EndGlobalSection
	GlobalSection(SolutionProperties) = preSolution
		HideSolutionNode = FALSE
	EndGlobalSection
EndGlobal
